// !$*UTF8*$!
{
	archiveVersion = 1;
	classes = {
	};
	objectVersion = 46;
	objects = {

/* Begin PBXBuildFile section */
		FEB2A8361B26E39400C2498E /* main.m in Sources */ = {isa = PBXBuildFile; fileRef = FEB2A8351B26E39400C2498E /* main.m */; };
		FEB2A83F1B26EAA800C2498E /* bwt.m in Sources */ = {isa = PBXBuildFile; fileRef = FEB2A83E1B26EAA800C2498E /* bwt.m */; };
/* End PBXBuildFile section */

/* Begin PBXCopyFilesBuildPhase section */
		FEB2A8301B26E39400C2498E /* CopyFiles */ = {
			isa = PBXCopyFilesBuildPhase;
			buildActionMask = 2147483647;
			dstPath = /usr/share/man/man1/;
			dstSubfolderSpec = 0;
			files = (
			);
			runOnlyForDeploymentPostprocessing = 1;
		};
/* End PBXCopyFilesBuildPhase section */

/* Begin PBXFileReference section */
		FEB2A8321B26E39400C2498E /* Burrows–Wheeler Transform */ = {isa = PBXFileReference; explicitFileType = "compiled.mach-o.executable"; includeInIndex = 0; path = "Burrows–Wheeler Transform"; sourceTree = BUILT_PRODUCTS_DIR; };
		FEB2A8351B26E39400C2498E /* main.m */ = {isa = PBXFileReference; lastKnownFileType = sourcecode.c.objc; path = main.m; sourceTree = "<group>"; };
		FEB2A83D1B26E98B00C2498E /* bwt.h */ = {isa = PBXFileReference; lastKnownFileType = sourcecode.c.h; path = bwt.h; sourceTree = "<group>"; };
		FEB2A83E1B26EAA800C2498E /* bwt.m */ = {isa = PBXFileReference; fileEncoding = 4; lastKnownFileType = sourcecode.c.objc; path = bwt.m; sourceTree = "<group>"; };
/* End PBXFileReference section */

/* Begin PBXFrameworksBuildPhase section */
		FEB2A82F1B26E39400C2498E /* Frameworks */ = {
			isa = PBXFrameworksBuildPhase;
			buildActionMask = 2147483647;
			files = (
			);
			runOnlyForDeploymentPostprocessing = 0;
		};
/* End PBXFrameworksBuildPhase section */

/* Begin PBXGroup section */
		FEB2A8291B26E39400C2498E = {
			isa = PBXGroup;
			children = (
				FEB2A8341B26E39400C2498E /* Burrows–Wheeler Transform */,
				FEB2A8331B26E39400C2498E /* Products */,
			);
			sourceTree = "<group>";
		};
		FEB2A8331B26E39400C2498E /* Products */ = {
			isa = PBXGroup;
			children = (
				FEB2A8321B26E39400C2498E /* Burrows–Wheeler Transform */,
			);
			name = Products;
			sourceTree = "<group>";
		};
		FEB2A8341B26E39400C2498E /* Burrows–Wheeler Transform */ = {
			isa = PBXGroup;
			children = (
				FEB2A8351B26E39400C2498E /* main.m */,
				FEB2A83D1B26E98B00C2498E /* bwt.h */,
				FEB2A83E1B26EAA800C2498E /* bwt.m */,
			);
			path = "Burrows–Wheeler Transform";
			sourceTree = "<group>";
		};
/* End PBXGroup section */

/* Begin PBXNativeTarget section */
		FEB2A8311B26E39400C2498E /* Burrows–Wheeler Transform */ = {
			isa = PBXNativeTarget;
			buildConfigurationList = FEB2A8391B26E39400C2498E /* Build configuration list for PBXNativeTarget "Burrows–Wheeler Transform" */;
			buildPhases = (
				FEB2A82E1B26E39400C2498E /* Sources */,
				FEB2A82F1B26E39400C2498E /* Frameworks */,
				FEB2A8301B26E39400C2498E /* CopyFiles */,
			);
			buildRules = (
			);
			dependencies = (
			);
			name = "Burrows–Wheeler Transform";
			productName = "Burrows–Wheeler Transform";
			productReference = FEB2A8321B26E39400C2498E /* Burrows–Wheeler Transform */;
			productType = "com.apple.product-type.tool";
		};
/* End PBXNativeTarget section */

/* Begin PBXProject section */
		FEB2A82A1B26E39400C2498E /* Project object */ = {
			isa = PBXProject;
			attributes = {
				LastUpgradeCheck = 0610;
				ORGANIZATIONNAME = "Han Gyu Park";
				TargetAttributes = {
					FEB2A8311B26E39400C2498E = {
						CreatedOnToolsVersion = 6.1;
					};
				};
			};
			buildConfigurationList = FEB2A82D1B26E39400C2498E /* Build configuration list for PBXProject "Burrows–Wheeler Transform" */;
			compatibilityVersion = "Xcode 3.2";
			developmentRegion = English;
			hasScannedForEncodings = 0;
			knownRegions = (
				en,
			);
			mainGroup = FEB2A8291B26E39400C2498E;
			productRefGroup = FEB2A8331B26E39400C2498E /* Products */;
			projectDirPath = "";
			projectRoot = "";
			targets = (
				FEB2A8311B26E39400C2498E /* Burrows–Wheeler Transform */,
			);
		};
/* End PBXProject section */

/* Begin PBXSourcesBuildPhase section */
		FEB2A82E1B26E39400C2498E /* Sources */ = {
			isa = PBXSourcesBuildPhase;
			buildActionMask = 2147483647;
			files = (
				FEB2A8361B26E39400C2498E /* main.m in Sources */,
				FEB2A83F1B26EAA800C2498E /* bwt.m in Sources */,
			);
			runOnlyForDeploymentPostprocessing = 0;
		};
/* End PBXSourcesBuildPhase section */

/* Begin XCBuildConfiguration section */
		FEB2A8371B26E39400C2498E /* Debug */ = {
			isa = XCBuildConfiguration;
			buildSettings = {
				ALWAYS_SEARCH_USER_PATHS = NO;
				CLANG_CXX_LANGUAGE_STANDARD = "gnu++0x";
				CLANG_CXX_LIBRARY = "libc++";
				CLANG_ENABLE_MODULES = YES;
				CLANG_ENABLE_OBJC_ARC = YES;
				CLANG_WARN_BOOL_CONVERSION = YES;
				CLANG_WARN_CONSTANT_CONVERSION = YES;
				CLANG_WARN_DIRECT_OBJC_ISA_USAGE = YES_ERROR;
				CLANG_WARN_EMPTY_BODY = YES;
				CLANG_WARN_ENUM_CONVERSION = YES;
				CLANG_WARN_INT_CONVERSION = YES;
				CLANG_WARN_OBJC_ROOT_CLASS = YES_ERROR;
				CLANG_WARN_UNREACHABLE_CODE = YES;
				CLANG_WARN__DUPLICATE_METHOD_MATCH = YES;
				COPY_PHASE_STRIP = NO;
				ENABLE_STRICT_OBJC_MSGSEND = YES;
				GCC_C_LANGUAGE_STANDARD = gnu99;
				GCC_DYNAMIC_NO_PIC = NO;
				GCC_OPTIMIZATION_LEVEL = 0;
				GCC_PREPROCESSOR_DEFINITIONS = (
					"DEBUG=1",
					"$(inherited)",
				);
				GCC_SYMBOLS_PRIVATE_EXTERN = NO;
				GCC_WARN_64_TO_32_BIT_CONVERSION = YES;
				GCC_WARN_ABOUT_RETURN_TYPE = YES_ERROR;
				GCC_WARN_UNDECLARED_SELECTOR = YES;
				GCC_WARN_UNINITIALIZED_AUTOS = YES_AGGRESSIVE;
				GCC_WARN_UNUSED_FUNCTION = YES;
				GCC_WARN_UNUSED_VARIABLE = YES;
				MACOSX_DEPLOYMENT_TARGET = 10.10;
				MTL_ENABLE_DEBUG_INFO = YES;
				ONLY_ACTIVE_ARCH = YES;
				SDKROOT = macosx;
			};
			name = Debug;
		};
		FEB2A8381B26E39400C2498E /* Release */ = {
			isa = XCBuildConfiguration;
			buildSettings = {
				ALWAYS_SEARCH_USER_PATHS = NO;
				CLANG_CXX_LANGUAGE_STANDARD = "gnu++0x";
				CLANG_CXX_LIBRARY = "libc++";
				CLANG_ENABLE_MODULES = YES;
				CLANG_ENABLE_OBJC_ARC = YES;
				CLANG_WARN_BOOL_CONVERSION = YES;
				CLANG_WARN_CONSTANT_CONVERSION = YES;
				CLANG_WARN_DIRECT_OBJC_ISA_USAGE = YES_ERROR;
				CLANG_WARN_EMPTY_BODY = YES;
				CLANG_WARN_ENUM_CONVERSION = YES;
				CLANG_WARN_INT_CONVERSION = YES;
				CLANG_WARN_OBJC_ROOT_CLASS = YES_ERROR;
				CLANG_WARN_UNREACHABLE_CODE = YES;
				CLANG_WARN__DUPLICATE_METHOD_MATCH = YES;
				COPY_PHASE_STRIP = YES;
				DEBUG_INFORMATION_FORMAT = "dwarf-with-dsym";
				ENABLE_NS_ASSERTIONS = NO;
				ENABLE_STRICT_OBJC_MSGSEND = YES;
				GCC_C_LANGUAGE_STANDARD = gnu99;
				GCC_WARN_64_TO_32_BIT_CONVERSION = YES;
				GCC_WARN_ABOUT_RETURN_TYPE = YES_ERROR;
				GCC_WARN_UNDECLARED_SELECTOR = YES;
				GCC_WARN_UNINITIALIZED_AUTOS = YES_AGGRESSIVE;
				GCC_WARN_UNUSED_FUNCTION = YES;
				GCC_WARN_UNUSED_VARIABLE = YES;
				MACOSX_DEPLOYMENT_TARGET = 10.10;
				MTL_ENABLE_DEBUG_INFO = NO;
				SDKROOT = macosx;
			};
			name = Release;
		};
		FEB2A83A1B26E39400C2498E /* Debug */ = {
			isa = XCBuildConfiguration;
			buildSettings = {
				PRODUCT_NAME = "$(TARGET_NAME)";
			};
			name = Debug;
		};
		FEB2A83B1B26E39400C2498E /* Release */ = {
			isa = XCBuildConfiguration;
			buildSettings = {
				PRODUCT_NAME = "$(TARGET_NAME)";
			};
			name = Release;
		};
/* End XCBuildConfiguration section */

/* Begin XCConfigurationList section */
		FEB2A82D1B26E39400C2498E /* Build configuration list for PBXProject "Burrows–Wheeler Transform" */ = {
			isa = XCConfigurationList;
			buildConfigurations = (
				FEB2A8371B26E39400C2498E /* Debug */,
				FEB2A8381B26E39400C2498E /* Release */,
			);
			defaultConfigurationIsVisible = 0;
			defaultConfigurationName = Release;
		};
		FEB2A8391B26E39400C2498E /* Build configuration list for PBXNativeTarget "Burrows–Wheeler Transform" */ = {
			isa = XCConfigurationList;
			buildConfigurations = (
				FEB2A83A1B26E39400C2498E /* Debug */,
				FEB2A83B1B26E39400C2498E /* Release */,
			);
			defaultConfigurationIsVisible = 0;
		};
/* End XCConfigurationList section */
	};
	rootObject = FEB2A82A1B26E39400C2498E /* Project object */;
}
